PODS:
  - KeychainAccess (3.0.1)
  - KSPAutomaticHeightCalculationTableCellView (1.3.0)
  - OAuthSwift (1.1.0)
  - SwiftyJSON (3.1.3)
  - Upwork (0.2.0):
    - SwiftyJSON (~> 3.1.0)

DEPENDENCIES:
  - KeychainAccess
  - KSPAutomaticHeightCalculationTableCellView
  - OAuthSwift
  - Upwork (from `Upwork`)

EXTERNAL SOURCES:
  Upwork:
    :path: Upwork

SPEC CHECKSUMS:
  KeychainAccess: 017ea25e313a49eda10bb19b0bb0760fb1edfe1a
  KSPAutomaticHeightCalculationTableCellView: f92bf94e36926514884e7f01e171120cfce1e797
  OAuthSwift: 7ec2c62274f6bdc30b1ba3b799c39a6fdcaea0e5
  SwiftyJSON: 38a8ea2006779c0fc4c310cb2ee8195327740faf
  Upwork: 50adbb679e49b87e4d6ad8ec5f41ce01e37313f2

PODFILE CHECKSUM: a7b176dc0b285053c153f2425968bcf85cb8d22f

COCOAPODS: 1.1.1
